{
  "name": "ann-music-interval",
  "version": "1.0.0",
  "lockfileVersion": 1,
  "requires": true,
  "dependencies": {
    "ann-music-base": {
      "version": "1.0.9",
      "resolved": "https://registry.npmjs.org/ann-music-base/-/ann-music-base-1.0.9.tgz",
      "integrity": "sha512-6G3pQ51p99OqYIjker071rRhBHc6igcZDyhypsdLctRDIJd0+WLmAEtxdfXSPve5auANQvLL2zMmIB/Mu4u6/A=="
    },
    "ann-music-note": {
      "version": "1.0.4",
      "resolved": "https://registry.npmjs.org/ann-music-note/-/ann-music-note-1.0.4.tgz",
      "integrity": "sha512-xzhATeLRb2EgP+SKR+BtZFZbvv+dV7daTFHYjQk3Hjsbx7iJwrRQ7gzPA71nSWIoFjoDo4vLo4XfxSiFYqhyLg==",
      "requires": {
        "ann-music-base": "^1.0.9"
      }
    }
  }
}
